
Microsoft Visual Studio Solution File, Format Version 12.00
# Visual Studio Version 16
VisualStudioVersion = 16.0.29721.120
MinimumVisualStudioVersion = 10.0.40219.1
Project("{9A19103F-16F7-4668-BE54-9A1E7A4F7556}") = "BlazorCRUD", "BlazorCRUD\BlazorCRUD.csproj", "{685D3F73-4024-4441-A4FA-652DD697DFC5}"
EndProject
Global
	GlobalSection(SolutionConfigurationPlatforms) = preSolution
		Debug|Any CPU = Debug|Any CPU
		Release|Any CPU = Release|Any CPU
	EndGlobalSection
	GlobalSection(ProjectConfigurationPlatforms) = postSolution
		{685D3F73-4024-4441-A4FA-652DD697DFC5}.Debug|Any CPU.ActiveCfg = Debug|Any CPU
		{685D3F73-4024-4441-A4FA-652DD697DFC5}.Debug|Any CPU.Build.0 = Debug|Any CPU
		{685D3F73-4024-4441-A4FA-652DD697DFC5}.Release|Any CPU.ActiveCfg = Release|Any CPU
		{685D3F73-4024-4441-A4FA-652DD697DFC5}.Release|Any CPU.Build.0 = Release|Any CPU
	EndGlobalSection
	GlobalSection(SolutionProperties) = preSolution
		HideSolutionNode = FALSE
	EndGlobalSection
	GlobalSection(ExtensibilityGlobals) = postSolution
		SolutionGuid = {83742823-ECE8-47FF-9345-7247D23DDC19}
	EndGlobalSection
EndGlobal
